PODS:
  - Expecta (1.0.0)
  - FBSnapshotTestCase (1.8.1)
  - KIF (3.2.3):
    - KIF/XCTest (= 3.2.3)
  - KIF/XCTest (3.2.3)
  - OCMock (3.1.2)
  - TTTAttributedLabel (2.0.0)

DEPENDENCIES:
  - Expecta
  - FBSnapshotTestCase
  - KIF
  - OCMock
  - TTTAttributedLabel (from `../`)

EXTERNAL SOURCES:
  TTTAttributedLabel:
    :path: "../"

SPEC CHECKSUMS:
  Expecta: 32604574add2c46a36f8d2f716b6c5736eb75024
  FBSnapshotTestCase: 3dc3899168747a0319c5278f5b3445c13a6532dd
  KIF: a94bffe9c97e449e44f8fa481c53243d21309e1e
  OCMock: a10ea9f0a6e921651f96f78b6faee95ebc813b92
  TTTAttributedLabel: 92aaa37822677380b7ec0baff50bd8010eef08f8

COCOAPODS: 0.38.2
