PODS:
  - Expecta (0.3.2)
  - FBSnapshotTestCase (1.5)
  - KIF (3.1.2):
    - KIF/XCTest (= 3.1.2)
  - KIF/XCTest (3.1.2)
  - OCMock (3.1.2)
  - TTTAttributedLabel (1.13.1)

DEPENDENCIES:
  - Expecta
  - FBSnapshotTestCase
  - KIF
  - OCMock
  - TTTAttributedLabel (from `../`)

EXTERNAL SOURCES:
  TTTAttributedLabel:
    :path: ../

SPEC CHECKSUMS:
  Expecta: ee641011fe10aa1855d487b40e4976dac50ec342
  FBSnapshotTestCase: e2914fbaabccea1dcc773d6a16b1c24540642488
  KIF: 068074b24dd455025e7f2a488ba4fb07b9ce047b
  OCMock: ecdd510b73ef397f2f97274785c1e87fd147c49f
  TTTAttributedLabel: 4c3516e4abc827aff7151a55c7964796794e11ae

COCOAPODS: 0.35.0
