// !$*UTF8*$!
{
	archiveVersion = 1;
	classes = {
	};
	objectVersion = 46;
	objects = {

/* Begin PBXBuildFile section */
		B6EDD905BC31B7CDBC772A6E /* libPods-Espressos.a in Frameworks */ = {isa = PBXBuildFile; fileRef = E5AA1C6D161D3700C394B3E8 /* libPods-Espressos.a */; };
		CBB8BA972A3E9E100E5BEC20 /* libPods-TTTAttributedLabelTests.a in Frameworks */ = {isa = PBXBuildFile; fileRef = F5661A15C6EB332A5F384694 /* libPods-TTTAttributedLabelTests.a */; };
		E9B3C6EC1A32C2DB00D43DF9 /* TTTAttributedLabelTests.m in Sources */ = {isa = PBXBuildFile; fileRef = E9B3C6EB1A32C2DB00D43DF9 /* TTTAttributedLabelTests.m */; };
		E9B3C6F61A32C5B100D43DF9 /* Images.xcassets in Resources */ = {isa = PBXBuildFile; fileRef = E9B3C6F51A32C5B100D43DF9 /* Images.xcassets */; };
		F83BDEAA18A5C2DF003893B2 /* QuartzCore.framework in Frameworks */ = {isa = PBXBuildFile; fileRef = F83BDEA918A5C2DF003893B2 /* QuartzCore.framework */; };
		F877A36113782AF10022A8AB /* UIKit.framework in Frameworks */ = {isa = PBXBuildFile; fileRef = F877A36013782AF10022A8AB /* UIKit.framework */; };
		F877A36313782AF10022A8AB /* Foundation.framework in Frameworks */ = {isa = PBXBuildFile; fileRef = F877A36213782AF10022A8AB /* Foundation.framework */; };
		F877A36513782AF10022A8AB /* CoreGraphics.framework in Frameworks */ = {isa = PBXBuildFile; fileRef = F877A36413782AF10022A8AB /* CoreGraphics.framework */; };
		F877A39513782FC10022A8AB /* CoreText.framework in Frameworks */ = {isa = PBXBuildFile; fileRef = F877A39413782FC10022A8AB /* CoreText.framework */; };
		F8C05AA4165716EF00B0ACDD /* AppDelegate.m in Sources */ = {isa = PBXBuildFile; fileRef = F8C05AA2165716EF00B0ACDD /* AppDelegate.m */; };
		F8C05AA5165716EF00B0ACDD /* main.m in Sources */ = {isa = PBXBuildFile; fileRef = F8C05AA3165716EF00B0ACDD /* main.m */; };
		F8C05AA81657170A00B0ACDD /* AttributedTableViewCell.m in Sources */ = {isa = PBXBuildFile; fileRef = F8C05AA71657170A00B0ACDD /* AttributedTableViewCell.m */; };
		F8C05AAD1657171400B0ACDD /* DetailViewController.m in Sources */ = {isa = PBXBuildFile; fileRef = F8C05AAB1657171400B0ACDD /* DetailViewController.m */; };
		F8C05AAE1657171400B0ACDD /* RootViewController.m in Sources */ = {isa = PBXBuildFile; fileRef = F8C05AAC1657171400B0ACDD /* RootViewController.m */; };
		F8C05AB61657174F00B0ACDD /* espressos.txt in Resources */ = {isa = PBXBuildFile; fileRef = F8C05AB51657174F00B0ACDD /* espressos.txt */; };
/* End PBXBuildFile section */

/* Begin PBXContainerItemProxy section */
		E9B3C6ED1A32C2DB00D43DF9 /* PBXContainerItemProxy */ = {
			isa = PBXContainerItemProxy;
			containerPortal = F877A35313782AF10022A8AB /* Project object */;
			proxyType = 1;
			remoteGlobalIDString = F877A35B13782AF10022A8AB;
			remoteInfo = Espressos;
		};
/* End PBXContainerItemProxy section */

/* Begin PBXFileReference section */
		243B6281D87C3C8A26DE726F /* Pods.debug.xcconfig */ = {isa = PBXFileReference; includeInIndex = 1; lastKnownFileType = text.xcconfig; name = Pods.debug.xcconfig; path = "Pods/Target Support Files/Pods/Pods.debug.xcconfig"; sourceTree = "<group>"; };
		2E90FFBC1DDA1DE490C5256A /* Pods-TTTAttributedLabelTests.release.xcconfig */ = {isa = PBXFileReference; includeInIndex = 1; lastKnownFileType = text.xcconfig; name = "Pods-TTTAttributedLabelTests.release.xcconfig"; path = "Pods/Target Support Files/Pods-TTTAttributedLabelTests/Pods-TTTAttributedLabelTests.release.xcconfig"; sourceTree = "<group>"; };
		660187FBA08BD9C0FFBEAE6D /* Pods-Espressos.release.xcconfig */ = {isa = PBXFileReference; includeInIndex = 1; lastKnownFileType = text.xcconfig; name = "Pods-Espressos.release.xcconfig"; path = "Pods/Target Support Files/Pods-Espressos/Pods-Espressos.release.xcconfig"; sourceTree = "<group>"; };
		AB368CC0B70138BF59EF5687 /* Pods.release.xcconfig */ = {isa = PBXFileReference; includeInIndex = 1; lastKnownFileType = text.xcconfig; name = Pods.release.xcconfig; path = "Pods/Target Support Files/Pods/Pods.release.xcconfig"; sourceTree = "<group>"; };
		ABD98C20CBB3ED458920107F /* Pods-Espressos.debug.xcconfig */ = {isa = PBXFileReference; includeInIndex = 1; lastKnownFileType = text.xcconfig; name = "Pods-Espressos.debug.xcconfig"; path = "Pods/Target Support Files/Pods-Espressos/Pods-Espressos.debug.xcconfig"; sourceTree = "<group>"; };
		D21F16D2D49068B84D92B071 /* Pods-TTTAttributedLabelTests.debug.xcconfig */ = {isa = PBXFileReference; includeInIndex = 1; lastKnownFileType = text.xcconfig; name = "Pods-TTTAttributedLabelTests.debug.xcconfig"; path = "Pods/Target Support Files/Pods-TTTAttributedLabelTests/Pods-TTTAttributedLabelTests.debug.xcconfig"; sourceTree = "<group>"; };
		E5AA1C6D161D3700C394B3E8 /* libPods-Espressos.a */ = {isa = PBXFileReference; explicitFileType = archive.ar; includeInIndex = 0; path = "libPods-Espressos.a"; sourceTree = BUILT_PRODUCTS_DIR; };
		E9B3C6E71A32C2DB00D43DF9 /* TTTAttributedLabelTests.xctest */ = {isa = PBXFileReference; explicitFileType = wrapper.cfbundle; includeInIndex = 0; path = TTTAttributedLabelTests.xctest; sourceTree = BUILT_PRODUCTS_DIR; };
		E9B3C6EA1A32C2DB00D43DF9 /* Info.plist */ = {isa = PBXFileReference; lastKnownFileType = text.plist.xml; path = Info.plist; sourceTree = "<group>"; };
		E9B3C6EB1A32C2DB00D43DF9 /* TTTAttributedLabelTests.m */ = {isa = PBXFileReference; lastKnownFileType = sourcecode.c.objc; path = TTTAttributedLabelTests.m; sourceTree = "<group>"; };
		E9B3C6F51A32C5B100D43DF9 /* Images.xcassets */ = {isa = PBXFileReference; lastKnownFileType = folder.assetcatalog; name = Images.xcassets; path = Espressos/Images.xcassets; sourceTree = "<group>"; };
		F5661A15C6EB332A5F384694 /* libPods-TTTAttributedLabelTests.a */ = {isa = PBXFileReference; explicitFileType = archive.ar; includeInIndex = 0; path = "libPods-TTTAttributedLabelTests.a"; sourceTree = BUILT_PRODUCTS_DIR; };
		F83BDEA918A5C2DF003893B2 /* QuartzCore.framework */ = {isa = PBXFileReference; lastKnownFileType = wrapper.framework; name = QuartzCore.framework; path = System/Library/Frameworks/QuartzCore.framework; sourceTree = SDKROOT; };
		F877A35C13782AF10022A8AB /* Espressos.app */ = {isa = PBXFileReference; explicitFileType = wrapper.application; includeInIndex = 0; path = Espressos.app; sourceTree = BUILT_PRODUCTS_DIR; };
		F877A36013782AF10022A8AB /* UIKit.framework */ = {isa = PBXFileReference; lastKnownFileType = wrapper.framework; name = UIKit.framework; path = System/Library/Frameworks/UIKit.framework; sourceTree = SDKROOT; };
		F877A36213782AF10022A8AB /* Foundation.framework */ = {isa = PBXFileReference; lastKnownFileType = wrapper.framework; name = Foundation.framework; path = System/Library/Frameworks/Foundation.framework; sourceTree = SDKROOT; };
		F877A36413782AF10022A8AB /* CoreGraphics.framework */ = {isa = PBXFileReference; lastKnownFileType = wrapper.framework; name = CoreGraphics.framework; path = System/Library/Frameworks/CoreGraphics.framework; sourceTree = SDKROOT; };
		F877A36813782AF10022A8AB /* Info.plist */ = {isa = PBXFileReference; lastKnownFileType = text.plist.xml; path = Info.plist; sourceTree = "<group>"; };
		F877A36C13782AF10022A8AB /* Prefix.pch */ = {isa = PBXFileReference; lastKnownFileType = sourcecode.c.h; path = Prefix.pch; sourceTree = "<group>"; };
		F877A39413782FC10022A8AB /* CoreText.framework */ = {isa = PBXFileReference; lastKnownFileType = wrapper.framework; name = CoreText.framework; path = System/Library/Frameworks/CoreText.framework; sourceTree = SDKROOT; };
		F8C05AA1165716EF00B0ACDD /* AppDelegate.h */ = {isa = PBXFileReference; fileEncoding = 4; lastKnownFileType = sourcecode.c.h; path = AppDelegate.h; sourceTree = SOURCE_ROOT; };
		F8C05AA2165716EF00B0ACDD /* AppDelegate.m */ = {isa = PBXFileReference; fileEncoding = 4; lastKnownFileType = sourcecode.c.objc; path = AppDelegate.m; sourceTree = SOURCE_ROOT; };
		F8C05AA3165716EF00B0ACDD /* main.m */ = {isa = PBXFileReference; fileEncoding = 4; lastKnownFileType = sourcecode.c.objc; path = main.m; sourceTree = SOURCE_ROOT; };
		F8C05AA61657170A00B0ACDD /* AttributedTableViewCell.h */ = {isa = PBXFileReference; fileEncoding = 4; lastKnownFileType = sourcecode.c.h; path = AttributedTableViewCell.h; sourceTree = SOURCE_ROOT; };
		F8C05AA71657170A00B0ACDD /* AttributedTableViewCell.m */ = {isa = PBXFileReference; fileEncoding = 4; lastKnownFileType = sourcecode.c.objc; path = AttributedTableViewCell.m; sourceTree = SOURCE_ROOT; };
		F8C05AA91657171400B0ACDD /* DetailViewController.h */ = {isa = PBXFileReference; fileEncoding = 4; lastKnownFileType = sourcecode.c.h; path = DetailViewController.h; sourceTree = SOURCE_ROOT; };
		F8C05AAA1657171400B0ACDD /* RootViewController.h */ = {isa = PBXFileReference; fileEncoding = 4; lastKnownFileType = sourcecode.c.h; path = RootViewController.h; sourceTree = SOURCE_ROOT; };
		F8C05AAB1657171400B0ACDD /* DetailViewController.m */ = {isa = PBXFileReference; fileEncoding = 4; lastKnownFileType = sourcecode.c.objc; path = DetailViewController.m; sourceTree = SOURCE_ROOT; };
		F8C05AAC1657171400B0ACDD /* RootViewController.m */ = {isa = PBXFileReference; fileEncoding = 4; lastKnownFileType = sourcecode.c.objc; path = RootViewController.m; sourceTree = SOURCE_ROOT; };
		F8C05AB51657174F00B0ACDD /* espressos.txt */ = {isa = PBXFileReference; fileEncoding = 4; lastKnownFileType = text; path = espressos.txt; sourceTree = SOURCE_ROOT; };
/* End PBXFileReference section */

/* Begin PBXFrameworksBuildPhase section */
		E9B3C6E41A32C2DB00D43DF9 /* Frameworks */ = {
			isa = PBXFrameworksBuildPhase;
			buildActionMask = 2147483647;
			files = (
				CBB8BA972A3E9E100E5BEC20 /* libPods-TTTAttributedLabelTests.a in Frameworks */,
			);
			runOnlyForDeploymentPostprocessing = 0;
		};
		F877A35913782AF10022A8AB /* Frameworks */ = {
			isa = PBXFrameworksBuildPhase;
			buildActionMask = 2147483647;
			files = (
				F83BDEAA18A5C2DF003893B2 /* QuartzCore.framework in Frameworks */,
				F877A39513782FC10022A8AB /* CoreText.framework in Frameworks */,
				F877A36113782AF10022A8AB /* UIKit.framework in Frameworks */,
				F877A36313782AF10022A8AB /* Foundation.framework in Frameworks */,
				F877A36513782AF10022A8AB /* CoreGraphics.framework in Frameworks */,
				B6EDD905BC31B7CDBC772A6E /* libPods-Espressos.a in Frameworks */,
			);
			runOnlyForDeploymentPostprocessing = 0;
		};
/* End PBXFrameworksBuildPhase section */

/* Begin PBXGroup section */
		E737325308CE2E195C13470A /* Pods */ = {
			isa = PBXGroup;
			children = (
				243B6281D87C3C8A26DE726F /* Pods.debug.xcconfig */,
				AB368CC0B70138BF59EF5687 /* Pods.release.xcconfig */,
				D21F16D2D49068B84D92B071 /* Pods-TTTAttributedLabelTests.debug.xcconfig */,
				2E90FFBC1DDA1DE490C5256A /* Pods-TTTAttributedLabelTests.release.xcconfig */,
				ABD98C20CBB3ED458920107F /* Pods-Espressos.debug.xcconfig */,
				660187FBA08BD9C0FFBEAE6D /* Pods-Espressos.release.xcconfig */,
			);
			name = Pods;
			sourceTree = "<group>";
		};
		E9B3C6E81A32C2DB00D43DF9 /* TTTAttributedLabelTests */ = {
			isa = PBXGroup;
			children = (
				E9B3C6EB1A32C2DB00D43DF9 /* TTTAttributedLabelTests.m */,
				E9B3C6E91A32C2DB00D43DF9 /* Supporting Files */,
			);
			path = TTTAttributedLabelTests;
			sourceTree = "<group>";
		};
		E9B3C6E91A32C2DB00D43DF9 /* Supporting Files */ = {
			isa = PBXGroup;
			children = (
				E9B3C6EA1A32C2DB00D43DF9 /* Info.plist */,
			);
			name = "Supporting Files";
			sourceTree = "<group>";
		};
		F877A35113782AF10022A8AB = {
			isa = PBXGroup;
			children = (
				E9B3C6F51A32C5B100D43DF9 /* Images.xcassets */,
				F877A36613782AF10022A8AB /* Classes */,
				E9B3C6E81A32C2DB00D43DF9 /* TTTAttributedLabelTests */,
				F877A35F13782AF10022A8AB /* Frameworks */,
				F877A35D13782AF10022A8AB /* Products */,
				E737325308CE2E195C13470A /* Pods */,
			);
			sourceTree = "<group>";
		};
		F877A35D13782AF10022A8AB /* Products */ = {
			isa = PBXGroup;
			children = (
				F877A35C13782AF10022A8AB /* Espressos.app */,
				E9B3C6E71A32C2DB00D43DF9 /* TTTAttributedLabelTests.xctest */,
			);
			name = Products;
			sourceTree = "<group>";
		};
		F877A35F13782AF10022A8AB /* Frameworks */ = {
			isa = PBXGroup;
			children = (
				F83BDEA918A5C2DF003893B2 /* QuartzCore.framework */,
				F877A36013782AF10022A8AB /* UIKit.framework */,
				F877A36213782AF10022A8AB /* Foundation.framework */,
				F877A36413782AF10022A8AB /* CoreGraphics.framework */,
				F877A39413782FC10022A8AB /* CoreText.framework */,
				F5661A15C6EB332A5F384694 /* libPods-TTTAttributedLabelTests.a */,
				E5AA1C6D161D3700C394B3E8 /* libPods-Espressos.a */,
			);
			name = Frameworks;
			sourceTree = "<group>";
		};
		F877A36613782AF10022A8AB /* Classes */ = {
			isa = PBXGroup;
			children = (
				F8C05AA1165716EF00B0ACDD /* AppDelegate.h */,
				F8C05AA2165716EF00B0ACDD /* AppDelegate.m */,
				F877A39013782E870022A8AB /* Controllers */,
				F877A39113782E9C0022A8AB /* Views */,
				F877A36713782AF10022A8AB /* Supporting Files */,
			);
			name = Classes;
			path = TTTAttributedLabelExample;
			sourceTree = "<group>";
		};
		F877A36713782AF10022A8AB /* Supporting Files */ = {
			isa = PBXGroup;
			children = (
				F8C05AA3165716EF00B0ACDD /* main.m */,
				F877A36C13782AF10022A8AB /* Prefix.pch */,
				F877A36813782AF10022A8AB /* Info.plist */,
				F8C05AB51657174F00B0ACDD /* espressos.txt */,
			);
			name = "Supporting Files";
			sourceTree = "<group>";
		};
		F877A39013782E870022A8AB /* Controllers */ = {
			isa = PBXGroup;
			children = (
				F8C05AAA1657171400B0ACDD /* RootViewController.h */,
				F8C05AAC1657171400B0ACDD /* RootViewController.m */,
				F8C05AA91657171400B0ACDD /* DetailViewController.h */,
				F8C05AAB1657171400B0ACDD /* DetailViewController.m */,
			);
			name = Controllers;
			sourceTree = "<group>";
		};
		F877A39113782E9C0022A8AB /* Views */ = {
			isa = PBXGroup;
			children = (
				F8C05AA61657170A00B0ACDD /* AttributedTableViewCell.h */,
				F8C05AA71657170A00B0ACDD /* AttributedTableViewCell.m */,
			);
			name = Views;
			sourceTree = "<group>";
		};
/* End PBXGroup section */

/* Begin PBXNativeTarget section */
		E9B3C6E61A32C2DB00D43DF9 /* TTTAttributedLabelTests */ = {
			isa = PBXNativeTarget;
			buildConfigurationList = E9B3C6F11A32C2DB00D43DF9 /* Build configuration list for PBXNativeTarget "TTTAttributedLabelTests" */;
			buildPhases = (
				3CD1DD63CE5A05DF88839E86 /* Check Pods Manifest.lock */,
				E9B3C6E31A32C2DB00D43DF9 /* Sources */,
				E9B3C6E41A32C2DB00D43DF9 /* Frameworks */,
				E9B3C6E51A32C2DB00D43DF9 /* Resources */,
				D864B42A8ED05D61B246E908 /* Copy Pods Resources */,
			);
			buildRules = (
			);
			dependencies = (
				E9B3C6EE1A32C2DB00D43DF9 /* PBXTargetDependency */,
			);
			name = TTTAttributedLabelTests;
			productName = TTTAttributedLabelTests;
			productReference = E9B3C6E71A32C2DB00D43DF9 /* TTTAttributedLabelTests.xctest */;
			productType = "com.apple.product-type.bundle.unit-test";
		};
		F877A35B13782AF10022A8AB /* Espressos */ = {
			isa = PBXNativeTarget;
			buildConfigurationList = F877A37D13782AF10022A8AB /* Build configuration list for PBXNativeTarget "Espressos" */;
			buildPhases = (
				85E8C50BE5E0B13000A896E1 /* Check Pods Manifest.lock */,
				F877A35813782AF10022A8AB /* Sources */,
				F877A35913782AF10022A8AB /* Frameworks */,
				F877A35A13782AF10022A8AB /* Resources */,
				042203FAF8DD572FA1E9C16A /* Copy Pods Resources */,
			);
			buildRules = (
			);
			dependencies = (
			);
			name = Espressos;
			productName = TTTAttributedLabelExample;
			productReference = F877A35C13782AF10022A8AB /* Espressos.app */;
			productType = "com.apple.product-type.application";
		};
/* End PBXNativeTarget section */

/* Begin PBXProject section */
		F877A35313782AF10022A8AB /* Project object */ = {
			isa = PBXProject;
			attributes = {
				LastUpgradeCheck = 0500;
				ORGANIZATIONNAME = Gowalla;
				TargetAttributes = {
					E9B3C6E61A32C2DB00D43DF9 = {
						CreatedOnToolsVersion = 6.1.1;
						TestTargetID = F877A35B13782AF10022A8AB;
					};
				};
			};
			buildConfigurationList = F877A35613782AF10022A8AB /* Build configuration list for PBXProject "Espressos" */;
			compatibilityVersion = "Xcode 3.2";
			developmentRegion = English;
			hasScannedForEncodings = 0;
			knownRegions = (
				en,
			);
			mainGroup = F877A35113782AF10022A8AB;
			productRefGroup = F877A35D13782AF10022A8AB /* Products */;
			projectDirPath = "";
			projectRoot = "";
			targets = (
				F877A35B13782AF10022A8AB /* Espressos */,
				E9B3C6E61A32C2DB00D43DF9 /* TTTAttributedLabelTests */,
			);
		};
/* End PBXProject section */

/* Begin PBXResourcesBuildPhase section */
		E9B3C6E51A32C2DB00D43DF9 /* Resources */ = {
			isa = PBXResourcesBuildPhase;
			buildActionMask = 2147483647;
			files = (
			);
			runOnlyForDeploymentPostprocessing = 0;
		};
		F877A35A13782AF10022A8AB /* Resources */ = {
			isa = PBXResourcesBuildPhase;
			buildActionMask = 2147483647;
			files = (
				E9B3C6F61A32C5B100D43DF9 /* Images.xcassets in Resources */,
				F8C05AB61657174F00B0ACDD /* espressos.txt in Resources */,
			);
			runOnlyForDeploymentPostprocessing = 0;
		};
/* End PBXResourcesBuildPhase section */

/* Begin PBXShellScriptBuildPhase section */
		042203FAF8DD572FA1E9C16A /* Copy Pods Resources */ = {
			isa = PBXShellScriptBuildPhase;
			buildActionMask = 2147483647;
			files = (
			);
			inputPaths = (
			);
			name = "Copy Pods Resources";
			outputPaths = (
			);
			runOnlyForDeploymentPostprocessing = 0;
			shellPath = /bin/sh;
			shellScript = "\"${SRCROOT}/Pods/Target Support Files/Pods-Espressos/Pods-Espressos-resources.sh\"\n";
			showEnvVarsInLog = 0;
		};
		3CD1DD63CE5A05DF88839E86 /* Check Pods Manifest.lock */ = {
			isa = PBXShellScriptBuildPhase;
			buildActionMask = 2147483647;
			files = (
			);
			inputPaths = (
			);
			name = "Check Pods Manifest.lock";
			outputPaths = (
			);
			runOnlyForDeploymentPostprocessing = 0;
			shellPath = /bin/sh;
			shellScript = "diff \"${PODS_ROOT}/../Podfile.lock\" \"${PODS_ROOT}/Manifest.lock\" > /dev/null\nif [[ $? != 0 ]] ; then\n    cat << EOM\nerror: The sandbox is not in sync with the Podfile.lock. Run 'pod install' or update your CocoaPods installation.\nEOM\n    exit 1\nfi\n";
			showEnvVarsInLog = 0;
		};
		85E8C50BE5E0B13000A896E1 /* Check Pods Manifest.lock */ = {
			isa = PBXShellScriptBuildPhase;
			buildActionMask = 2147483647;
			files = (
			);
			inputPaths = (
			);
			name = "Check Pods Manifest.lock";
			outputPaths = (
			);
			runOnlyForDeploymentPostprocessing = 0;
			shellPath = /bin/sh;
			shellScript = "diff \"${PODS_ROOT}/../Podfile.lock\" \"${PODS_ROOT}/Manifest.lock\" > /dev/null\nif [[ $? != 0 ]] ; then\n    cat << EOM\nerror: The sandbox is not in sync with the Podfile.lock. Run 'pod install' or update your CocoaPods installation.\nEOM\n    exit 1\nfi\n";
			showEnvVarsInLog = 0;
		};
		D864B42A8ED05D61B246E908 /* Copy Pods Resources */ = {
			isa = PBXShellScriptBuildPhase;
			buildActionMask = 2147483647;
			files = (
			);
			inputPaths = (
			);
			name = "Copy Pods Resources";
			outputPaths = (
			);
			runOnlyForDeploymentPostprocessing = 0;
			shellPath = /bin/sh;
			shellScript = "\"${SRCROOT}/Pods/Target Support Files/Pods-TTTAttributedLabelTests/Pods-TTTAttributedLabelTests-resources.sh\"\n";
			showEnvVarsInLog = 0;
		};
/* End PBXShellScriptBuildPhase section */

/* Begin PBXSourcesBuildPhase section */
		E9B3C6E31A32C2DB00D43DF9 /* Sources */ = {
			isa = PBXSourcesBuildPhase;
			buildActionMask = 2147483647;
			files = (
				E9B3C6EC1A32C2DB00D43DF9 /* TTTAttributedLabelTests.m in Sources */,
			);
			runOnlyForDeploymentPostprocessing = 0;
		};
		F877A35813782AF10022A8AB /* Sources */ = {
			isa = PBXSourcesBuildPhase;
			buildActionMask = 2147483647;
			files = (
				F8C05AA4165716EF00B0ACDD /* AppDelegate.m in Sources */,
				F8C05AA5165716EF00B0ACDD /* main.m in Sources */,
				F8C05AA81657170A00B0ACDD /* AttributedTableViewCell.m in Sources */,
				F8C05AAD1657171400B0ACDD /* DetailViewController.m in Sources */,
				F8C05AAE1657171400B0ACDD /* RootViewController.m in Sources */,
			);
			runOnlyForDeploymentPostprocessing = 0;
		};
/* End PBXSourcesBuildPhase section */

/* Begin PBXTargetDependency section */
		E9B3C6EE1A32C2DB00D43DF9 /* PBXTargetDependency */ = {
			isa = PBXTargetDependency;
			target = F877A35B13782AF10022A8AB /* Espressos */;
			targetProxy = E9B3C6ED1A32C2DB00D43DF9 /* PBXContainerItemProxy */;
		};
/* End PBXTargetDependency section */

/* Begin XCBuildConfiguration section */
		E9B3C6EF1A32C2DB00D43DF9 /* Debug */ = {
			isa = XCBuildConfiguration;
			baseConfigurationReference = D21F16D2D49068B84D92B071 /* Pods-TTTAttributedLabelTests.debug.xcconfig */;
			buildSettings = {
				ALWAYS_SEARCH_USER_PATHS = NO;
				BUNDLE_LOADER = "$(TEST_HOST)";
				CLANG_CXX_LANGUAGE_STANDARD = "gnu++0x";
				CLANG_CXX_LIBRARY = "libc++";
				CLANG_ENABLE_MODULES = YES;
				CLANG_WARN_DIRECT_OBJC_ISA_USAGE = YES_ERROR;
				CLANG_WARN_OBJC_ROOT_CLASS = YES_ERROR;
				CLANG_WARN_UNREACHABLE_CODE = YES;
				COPY_PHASE_STRIP = NO;
				ENABLE_STRICT_OBJC_MSGSEND = YES;
				FRAMEWORK_SEARCH_PATHS = (
					"$(SDKROOT)/Developer/Library/Frameworks",
					"$(inherited)",
				);
				GCC_DYNAMIC_NO_PIC = NO;
				GCC_PREPROCESSOR_DEFINITIONS = (
					"DEBUG=1",
					"$(inherited)",
					"FB_REFERENCE_IMAGE_DIR=\\\"$(SOURCE_ROOT)/TTTAttributedLabelTests/ReferenceImages\\\"",
				);
				GCC_WARN_ABOUT_RETURN_TYPE = YES_ERROR;
				GCC_WARN_UNINITIALIZED_AUTOS = YES_AGGRESSIVE;
				INFOPLIST_FILE = TTTAttributedLabelTests/Info.plist;
				IPHONEOS_DEPLOYMENT_TARGET = 8.1;
				LD_RUNPATH_SEARCH_PATHS = "$(inherited) @executable_path/Frameworks @loader_path/Frameworks";
				MTL_ENABLE_DEBUG_INFO = YES;
				PRODUCT_NAME = "$(TARGET_NAME)";
				TEST_HOST = "$(BUILT_PRODUCTS_DIR)/Espressos.app/Espressos";
			};
			name = Debug;
		};
		E9B3C6F01A32C2DB00D43DF9 /* Release */ = {
			isa = XCBuildConfiguration;
			baseConfigurationReference = 2E90FFBC1DDA1DE490C5256A /* Pods-TTTAttributedLabelTests.release.xcconfig */;
			buildSettings = {
				ALWAYS_SEARCH_USER_PATHS = NO;
				BUNDLE_LOADER = "$(TEST_HOST)";
				CLANG_CXX_LANGUAGE_STANDARD = "gnu++0x";
				CLANG_CXX_LIBRARY = "libc++";
				CLANG_ENABLE_MODULES = YES;
				CLANG_WARN_DIRECT_OBJC_ISA_USAGE = YES_ERROR;
				CLANG_WARN_OBJC_ROOT_CLASS = YES_ERROR;
				CLANG_WARN_UNREACHABLE_CODE = YES;
				COPY_PHASE_STRIP = YES;
				ENABLE_NS_ASSERTIONS = NO;
				ENABLE_STRICT_OBJC_MSGSEND = YES;
				FRAMEWORK_SEARCH_PATHS = (
					"$(SDKROOT)/Developer/Library/Frameworks",
					"$(inherited)",
				);
				GCC_WARN_ABOUT_RETURN_TYPE = YES_ERROR;
				GCC_WARN_UNINITIALIZED_AUTOS = YES_AGGRESSIVE;
				INFOPLIST_FILE = TTTAttributedLabelTests/Info.plist;
				IPHONEOS_DEPLOYMENT_TARGET = 8.1;
				LD_RUNPATH_SEARCH_PATHS = "$(inherited) @executable_path/Frameworks @loader_path/Frameworks";
				MTL_ENABLE_DEBUG_INFO = NO;
				PRODUCT_NAME = "$(TARGET_NAME)";
				TEST_HOST = "$(BUILT_PRODUCTS_DIR)/Espressos.app/Espressos";
				VALIDATE_PRODUCT = YES;
			};
			name = Release;
		};
		F877A37B13782AF10022A8AB /* Debug */ = {
			isa = XCBuildConfiguration;
			buildSettings = {
				CLANG_ENABLE_OBJC_ARC = YES;
				CLANG_WARN_BOOL_CONVERSION = YES;
				CLANG_WARN_CONSTANT_CONVERSION = YES;
				CLANG_WARN_DEPRECATED_OBJC_IMPLEMENTATIONS = YES;
				CLANG_WARN_DOCUMENTATION_COMMENTS = YES;
				CLANG_WARN_EMPTY_BODY = YES;
				CLANG_WARN_ENUM_CONVERSION = YES;
				CLANG_WARN_IMPLICIT_SIGN_CONVERSION = YES;
				CLANG_WARN_INT_CONVERSION = YES;
				CLANG_WARN_OBJC_IMPLICIT_ATOMIC_PROPERTIES = YES;
				CLANG_WARN_SUSPICIOUS_IMPLICIT_CONVERSION = YES;
				CLANG_WARN__DUPLICATE_METHOD_MATCH = YES;
				"CODE_SIGN_IDENTITY[sdk=iphoneos*]" = "iPhone Developer";
				GCC_C_LANGUAGE_STANDARD = gnu99;
				GCC_GENERATE_TEST_COVERAGE_FILES = YES;
				GCC_INSTRUMENT_PROGRAM_FLOW_ARCS = YES;
				GCC_OPTIMIZATION_LEVEL = 0;
				GCC_PREPROCESSOR_DEFINITIONS = DEBUG;
				GCC_SYMBOLS_PRIVATE_EXTERN = NO;
				GCC_TREAT_IMPLICIT_FUNCTION_DECLARATIONS_AS_ERRORS = YES;
				GCC_TREAT_INCOMPATIBLE_POINTER_TYPE_WARNINGS_AS_ERRORS = YES;
				GCC_VERSION = "";
				GCC_WARN_64_TO_32_BIT_CONVERSION = YES;
				GCC_WARN_ABOUT_MISSING_FIELD_INITIALIZERS = YES;
				GCC_WARN_ABOUT_MISSING_NEWLINE = YES;
				GCC_WARN_ABOUT_MISSING_PROTOTYPES = YES;
				GCC_WARN_ABOUT_RETURN_TYPE = YES;
				GCC_WARN_FOUR_CHARACTER_CONSTANTS = YES;
				GCC_WARN_INITIALIZER_NOT_FULLY_BRACKETED = YES;
				GCC_WARN_MULTIPLE_DEFINITION_TYPES_FOR_SELECTOR = NO;
				GCC_WARN_SHADOW = YES;
				GCC_WARN_SIGN_COMPARE = YES;
				GCC_WARN_STRICT_SELECTOR_MATCH = YES;
				GCC_WARN_UNDECLARED_SELECTOR = YES;
				GCC_WARN_UNINITIALIZED_AUTOS = YES;
				GCC_WARN_UNKNOWN_PRAGMAS = YES;
				GCC_WARN_UNUSED_FUNCTION = YES;
				GCC_WARN_UNUSED_LABEL = YES;
				GCC_WARN_UNUSED_PARAMETER = YES;
				GCC_WARN_UNUSED_VARIABLE = YES;
				IPHONEOS_DEPLOYMENT_TARGET = 4.3;
				ONLY_ACTIVE_ARCH = YES;
				SDKROOT = iphoneos;
			};
			name = Debug;
		};
		F877A37C13782AF10022A8AB /* Release */ = {
			isa = XCBuildConfiguration;
			buildSettings = {
				CLANG_ENABLE_OBJC_ARC = YES;
				CLANG_WARN_BOOL_CONVERSION = YES;
				CLANG_WARN_CONSTANT_CONVERSION = YES;
				CLANG_WARN_DEPRECATED_OBJC_IMPLEMENTATIONS = YES;
				CLANG_WARN_DOCUMENTATION_COMMENTS = YES;
				CLANG_WARN_EMPTY_BODY = YES;
				CLANG_WARN_ENUM_CONVERSION = YES;
				CLANG_WARN_IMPLICIT_SIGN_CONVERSION = YES;
				CLANG_WARN_INT_CONVERSION = YES;
				CLANG_WARN_OBJC_IMPLICIT_ATOMIC_PROPERTIES = YES;
				CLANG_WARN_SUSPICIOUS_IMPLICIT_CONVERSION = YES;
				CLANG_WARN__DUPLICATE_METHOD_MATCH = YES;
				"CODE_SIGN_IDENTITY[sdk=iphoneos*]" = "iPhone Developer";
				GCC_C_LANGUAGE_STANDARD = gnu99;
				GCC_GENERATE_TEST_COVERAGE_FILES = YES;
				GCC_INSTRUMENT_PROGRAM_FLOW_ARCS = YES;
				GCC_TREAT_IMPLICIT_FUNCTION_DECLARATIONS_AS_ERRORS = YES;
				GCC_TREAT_INCOMPATIBLE_POINTER_TYPE_WARNINGS_AS_ERRORS = YES;
				GCC_VERSION = "";
				GCC_WARN_64_TO_32_BIT_CONVERSION = YES;
				GCC_WARN_ABOUT_MISSING_FIELD_INITIALIZERS = YES;
				GCC_WARN_ABOUT_MISSING_NEWLINE = YES;
				GCC_WARN_ABOUT_MISSING_PROTOTYPES = YES;
				GCC_WARN_ABOUT_RETURN_TYPE = YES;
				GCC_WARN_FOUR_CHARACTER_CONSTANTS = YES;
				GCC_WARN_INITIALIZER_NOT_FULLY_BRACKETED = YES;
				GCC_WARN_MULTIPLE_DEFINITION_TYPES_FOR_SELECTOR = NO;
				GCC_WARN_SHADOW = YES;
				GCC_WARN_SIGN_COMPARE = YES;
				GCC_WARN_STRICT_SELECTOR_MATCH = YES;
				GCC_WARN_UNDECLARED_SELECTOR = YES;
				GCC_WARN_UNINITIALIZED_AUTOS = YES;
				GCC_WARN_UNKNOWN_PRAGMAS = YES;
				GCC_WARN_UNUSED_FUNCTION = YES;
				GCC_WARN_UNUSED_LABEL = YES;
				GCC_WARN_UNUSED_PARAMETER = YES;
				GCC_WARN_UNUSED_VARIABLE = YES;
				IPHONEOS_DEPLOYMENT_TARGET = 4.3;
				OTHER_CFLAGS = "-DNS_BLOCK_ASSERTIONS=1";
				SDKROOT = iphoneos;
			};
			name = Release;
		};
		F877A37E13782AF10022A8AB /* Debug */ = {
			isa = XCBuildConfiguration;
			baseConfigurationReference = ABD98C20CBB3ED458920107F /* Pods-Espressos.debug.xcconfig */;
			buildSettings = {
				ALWAYS_SEARCH_USER_PATHS = NO;
				ASSETCATALOG_COMPILER_APPICON_NAME = AppIcon;
				ASSETCATALOG_COMPILER_LAUNCHIMAGE_NAME = LaunchImage;
				CLANG_ENABLE_OBJC_ARC = YES;
				CODE_SIGN_IDENTITY = "iPhone Developer";
				"CODE_SIGN_IDENTITY[sdk=iphoneos*]" = "iPhone Developer";
				COPY_PHASE_STRIP = NO;
				GCC_DYNAMIC_NO_PIC = NO;
				GCC_PRECOMPILE_PREFIX_HEADER = YES;
				GCC_PREFIX_HEADER = Prefix.pch;
				GCC_VERSION = com.apple.compilers.llvm.clang.1_0;
				INFOPLIST_FILE = "$(SRCROOT)/Info.plist";
				PRODUCT_NAME = "$(TARGET_NAME)";
				PROVISIONING_PROFILE = "";
				WRAPPER_EXTENSION = app;
			};
			name = Debug;
		};
		F877A37F13782AF10022A8AB /* Release */ = {
			isa = XCBuildConfiguration;
			baseConfigurationReference = 660187FBA08BD9C0FFBEAE6D /* Pods-Espressos.release.xcconfig */;
			buildSettings = {
				ALWAYS_SEARCH_USER_PATHS = NO;
				ASSETCATALOG_COMPILER_APPICON_NAME = AppIcon;
				ASSETCATALOG_COMPILER_LAUNCHIMAGE_NAME = LaunchImage;
				CLANG_ENABLE_OBJC_ARC = YES;
				CODE_SIGN_IDENTITY = "iPhone Developer";
				"CODE_SIGN_IDENTITY[sdk=iphoneos*]" = "iPhone Developer";
				COPY_PHASE_STRIP = YES;
				GCC_PRECOMPILE_PREFIX_HEADER = YES;
				GCC_PREFIX_HEADER = Prefix.pch;
				GCC_VERSION = com.apple.compilers.llvm.clang.1_0;
				INFOPLIST_FILE = "$(SRCROOT)/Info.plist";
				PRODUCT_NAME = "$(TARGET_NAME)";
				PROVISIONING_PROFILE = "";
				VALIDATE_PRODUCT = YES;
				WRAPPER_EXTENSION = app;
			};
			name = Release;
		};
/* End XCBuildConfiguration section */

/* Begin XCConfigurationList section */
		E9B3C6F11A32C2DB00D43DF9 /* Build configuration list for PBXNativeTarget "TTTAttributedLabelTests" */ = {
			isa = XCConfigurationList;
			buildConfigurations = (
				E9B3C6EF1A32C2DB00D43DF9 /* Debug */,
				E9B3C6F01A32C2DB00D43DF9 /* Release */,
			);
			defaultConfigurationIsVisible = 0;
			defaultConfigurationName = Release;
		};
		F877A35613782AF10022A8AB /* Build configuration list for PBXProject "Espressos" */ = {
			isa = XCConfigurationList;
			buildConfigurations = (
				F877A37B13782AF10022A8AB /* Debug */,
				F877A37C13782AF10022A8AB /* Release */,
			);
			defaultConfigurationIsVisible = 0;
			defaultConfigurationName = Release;
		};
		F877A37D13782AF10022A8AB /* Build configuration list for PBXNativeTarget "Espressos" */ = {
			isa = XCConfigurationList;
			buildConfigurations = (
				F877A37E13782AF10022A8AB /* Debug */,
				F877A37F13782AF10022A8AB /* Release */,
			);
			defaultConfigurationIsVisible = 0;
			defaultConfigurationName = Release;
		};
/* End XCConfigurationList section */
	};
	rootObject = F877A35313782AF10022A8AB /* Project object */;
}
